
Microsoft Visual Studio Solution File, Format Version 12.00
# Visual Studio Version 16
VisualStudioVersion = 16.0.30711.63
MinimumVisualStudioVersion = 10.0.40219.1
Project("{FAE04EC0-301F-11D3-BF4B-00C04F79EFBC}") = "IRF_projekt", "IRF_projekt\IRF_projekt.csproj", "{F043E4FD-58D5-4670-93B4-C5A6E1C794E6}"
EndProject
Global
	GlobalSection(SolutionConfigurationPlatforms) = preSolution
		Debug|Any CPU = Debug|Any CPU
		Release|Any CPU = Release|Any CPU
	EndGlobalSection
	GlobalSection(ProjectConfigurationPlatforms) = postSolution
		{F043E4FD-58D5-4670-93B4-C5A6E1C794E6}.Debug|Any CPU.ActiveCfg = Debug|Any CPU
		{F043E4FD-58D5-4670-93B4-C5A6E1C794E6}.Debug|Any CPU.Build.0 = Debug|Any CPU
		{F043E4FD-58D5-4670-93B4-C5A6E1C794E6}.Release|Any CPU.ActiveCfg = Release|Any CPU
		{F043E4FD-58D5-4670-93B4-C5A6E1C794E6}.Release|Any CPU.Build.0 = Release|Any CPU
	EndGlobalSection
	GlobalSection(SolutionProperties) = preSolution
		HideSolutionNode = FALSE
	EndGlobalSection
	GlobalSection(ExtensibilityGlobals) = postSolution
		SolutionGuid = {8C4B9017-5C4C-4C1A-94F8-26E0B43DF5EF}
	EndGlobalSection
EndGlobal
